// !$*UTF8*$!
{
	archiveVersion = 1;
	classes = {
	};
	objectVersion = 46;
	objects = {

/* Begin PBXBuildFile section */
		18D5CAF53375470BBAEA761E /* libPods-Beckoning.a in Frameworks */ = {isa = PBXBuildFile; fileRef = 94EE7924166242038E6A9699 /* libPods-Beckoning.a */; };
		2868E9BA18AE0A6B00D3DC72 /* Foundation.framework in Frameworks */ = {isa = PBXBuildFile; fileRef = 2868E9B918AE0A6B00D3DC72 /* Foundation.framework */; };
		2868E9BC18AE0A6B00D3DC72 /* CoreGraphics.framework in Frameworks */ = {isa = PBXBuildFile; fileRef = 2868E9BB18AE0A6B00D3DC72 /* CoreGraphics.framework */; };
		2868E9BE18AE0A6B00D3DC72 /* UIKit.framework in Frameworks */ = {isa = PBXBuildFile; fileRef = 2868E9BD18AE0A6B00D3DC72 /* UIKit.framework */; };
		2868E9C418AE0A6B00D3DC72 /* InfoPlist.strings in Resources */ = {isa = PBXBuildFile; fileRef = 2868E9C218AE0A6B00D3DC72 /* InfoPlist.strings */; };
		2868E9C618AE0A6B00D3DC72 /* main.m in Sources */ = {isa = PBXBuildFile; fileRef = 2868E9C518AE0A6B00D3DC72 /* main.m */; };
		2868E9CA18AE0A6B00D3DC72 /* BKAppDelegate.m in Sources */ = {isa = PBXBuildFile; fileRef = 2868E9C918AE0A6B00D3DC72 /* BKAppDelegate.m */; };
		2868E9CD18AE0A6B00D3DC72 /* Main.storyboard in Resources */ = {isa = PBXBuildFile; fileRef = 2868E9CB18AE0A6B00D3DC72 /* Main.storyboard */; };
		2868E9D518AE0A6B00D3DC72 /* Images.xcassets in Resources */ = {isa = PBXBuildFile; fileRef = 2868E9D418AE0A6B00D3DC72 /* Images.xcassets */; };
		2868E9DC18AE0A6B00D3DC72 /* XCTest.framework in Frameworks */ = {isa = PBXBuildFile; fileRef = 2868E9DB18AE0A6B00D3DC72 /* XCTest.framework */; };
		2868E9DD18AE0A6B00D3DC72 /* Foundation.framework in Frameworks */ = {isa = PBXBuildFile; fileRef = 2868E9B918AE0A6B00D3DC72 /* Foundation.framework */; };
		2868E9DE18AE0A6B00D3DC72 /* UIKit.framework in Frameworks */ = {isa = PBXBuildFile; fileRef = 2868E9BD18AE0A6B00D3DC72 /* UIKit.framework */; };
		2868E9E618AE0A6B00D3DC72 /* InfoPlist.strings in Resources */ = {isa = PBXBuildFile; fileRef = 2868E9E418AE0A6B00D3DC72 /* InfoPlist.strings */; };
		286BF3F918C9DF0700EABFF0 /* BKFourSquareTrigger.m in Sources */ = {isa = PBXBuildFile; fileRef = 286BF3F818C9DF0700EABFF0 /* BKFourSquareTrigger.m */; };
		286FB89818BC363700D6A3C4 /* BKHomeViewController.m in Sources */ = {isa = PBXBuildFile; fileRef = 286FB89718BC363700D6A3C4 /* BKHomeViewController.m */; };
		286FB89B18BC390300D6A3C4 /* BKMonitoringViewController.m in Sources */ = {isa = PBXBuildFile; fileRef = 286FB89A18BC390300D6A3C4 /* BKMonitoringViewController.m */; };
		28794C1018CDA364002BF482 /* BKGeneralRegionTrigger.m in Sources */ = {isa = PBXBuildFile; fileRef = 28794C0F18CDA364002BF482 /* BKGeneralRegionTrigger.m */; };
		287EFD7A18CD7A6600D6AEE2 /* BKConstants.m in Sources */ = {isa = PBXBuildFile; fileRef = 287EFD7918CD7A6600D6AEE2 /* BKConstants.m */; };
		28C78D4118AE0BAE00D6A676 /* BKRangingViewController.m in Sources */ = {isa = PBXBuildFile; fileRef = 28C78D4018AE0BAE00D6A676 /* BKRangingViewController.m */; };
		28C78D4418AE0E8A00D6A676 /* MNBeaconManager.m in Sources */ = {isa = PBXBuildFile; fileRef = 28C78D4318AE0E8A00D6A676 /* MNBeaconManager.m */; };
		28FFC70B18CB863D00C1E56B /* MNBeaconManagerSpec.m in Sources */ = {isa = PBXBuildFile; fileRef = 28FFC70A18CB863D00C1E56B /* MNBeaconManagerSpec.m */; };
		28FFC70C18CC0BB000C1E56B /* MNBeaconManager.m in Sources */ = {isa = PBXBuildFile; fileRef = 28C78D4318AE0E8A00D6A676 /* MNBeaconManager.m */; };
		8AEE583988C740B7A4F9EE71 /* libPods-BeckoningTests.a in Frameworks */ = {isa = PBXBuildFile; fileRef = A97AA2AC14224DDA92C1BB02 /* libPods-BeckoningTests.a */; };
/* End PBXBuildFile section */

/* Begin PBXContainerItemProxy section */
		2868E9DF18AE0A6B00D3DC72 /* PBXContainerItemProxy */ = {
			isa = PBXContainerItemProxy;
			containerPortal = 2868E9AE18AE0A6B00D3DC72 /* Project object */;
			proxyType = 1;
			remoteGlobalIDString = 2868E9B518AE0A6B00D3DC72;
			remoteInfo = Beckoning;
		};
/* End PBXContainerItemProxy section */

/* Begin PBXFileReference section */
		2868E9B618AE0A6B00D3DC72 /* Beckoning.app */ = {isa = PBXFileReference; explicitFileType = wrapper.application; includeInIndex = 0; path = Beckoning.app; sourceTree = BUILT_PRODUCTS_DIR; };
		2868E9B918AE0A6B00D3DC72 /* Foundation.framework */ = {isa = PBXFileReference; lastKnownFileType = wrapper.framework; name = Foundation.framework; path = System/Library/Frameworks/Foundation.framework; sourceTree = SDKROOT; };
		2868E9BB18AE0A6B00D3DC72 /* CoreGraphics.framework */ = {isa = PBXFileReference; lastKnownFileType = wrapper.framework; name = CoreGraphics.framework; path = System/Library/Frameworks/CoreGraphics.framework; sourceTree = SDKROOT; };
		2868E9BD18AE0A6B00D3DC72 /* UIKit.framework */ = {isa = PBXFileReference; lastKnownFileType = wrapper.framework; name = UIKit.framework; path = System/Library/Frameworks/UIKit.framework; sourceTree = SDKROOT; };
		2868E9C118AE0A6B00D3DC72 /* Beckoning-Info.plist */ = {isa = PBXFileReference; lastKnownFileType = text.plist.xml; path = "Beckoning-Info.plist"; sourceTree = "<group>"; };
		2868E9C318AE0A6B00D3DC72 /* en */ = {isa = PBXFileReference; lastKnownFileType = text.plist.strings; name = en; path = en.lproj/InfoPlist.strings; sourceTree = "<group>"; };
		2868E9C518AE0A6B00D3DC72 /* main.m */ = {isa = PBXFileReference; lastKnownFileType = sourcecode.c.objc; path = main.m; sourceTree = "<group>"; };
		2868E9C718AE0A6B00D3DC72 /* Beckoning-Prefix.pch */ = {isa = PBXFileReference; lastKnownFileType = sourcecode.c.h; path = "Beckoning-Prefix.pch"; sourceTree = "<group>"; };
		2868E9C818AE0A6B00D3DC72 /* BKAppDelegate.h */ = {isa = PBXFileReference; lastKnownFileType = sourcecode.c.h; path = BKAppDelegate.h; sourceTree = "<group>"; };
		2868E9C918AE0A6B00D3DC72 /* BKAppDelegate.m */ = {isa = PBXFileReference; lastKnownFileType = sourcecode.c.objc; path = BKAppDelegate.m; sourceTree = "<group>"; };
		2868E9CC18AE0A6B00D3DC72 /* Base */ = {isa = PBXFileReference; lastKnownFileType = file.storyboard; name = Base; path = Base.lproj/Main.storyboard; sourceTree = "<group>"; };
		2868E9D418AE0A6B00D3DC72 /* Images.xcassets */ = {isa = PBXFileReference; lastKnownFileType = folder.assetcatalog; path = Images.xcassets; sourceTree = "<group>"; };
		2868E9DA18AE0A6B00D3DC72 /* BeckoningTests.xctest */ = {isa = PBXFileReference; explicitFileType = wrapper.cfbundle; includeInIndex = 0; path = BeckoningTests.xctest; sourceTree = BUILT_PRODUCTS_DIR; };
		2868E9DB18AE0A6B00D3DC72 /* XCTest.framework */ = {isa = PBXFileReference; lastKnownFileType = wrapper.framework; name = XCTest.framework; path = Library/Frameworks/XCTest.framework; sourceTree = DEVELOPER_DIR; };
		2868E9E318AE0A6B00D3DC72 /* BeckoningTests-Info.plist */ = {isa = PBXFileReference; lastKnownFileType = text.plist.xml; path = "BeckoningTests-Info.plist"; sourceTree = "<group>"; };
		2868E9E518AE0A6B00D3DC72 /* en */ = {isa = PBXFileReference; lastKnownFileType = text.plist.strings; name = en; path = en.lproj/InfoPlist.strings; sourceTree = "<group>"; };
		286BF3F718C9DF0700EABFF0 /* BKFourSquareTrigger.h */ = {isa = PBXFileReference; fileEncoding = 4; lastKnownFileType = sourcecode.c.h; path = BKFourSquareTrigger.h; sourceTree = "<group>"; };
		286BF3F818C9DF0700EABFF0 /* BKFourSquareTrigger.m */ = {isa = PBXFileReference; fileEncoding = 4; lastKnownFileType = sourcecode.c.objc; path = BKFourSquareTrigger.m; sourceTree = "<group>"; };
		286FB89618BC363700D6A3C4 /* BKHomeViewController.h */ = {isa = PBXFileReference; fileEncoding = 4; lastKnownFileType = sourcecode.c.h; path = BKHomeViewController.h; sourceTree = "<group>"; };
		286FB89718BC363700D6A3C4 /* BKHomeViewController.m */ = {isa = PBXFileReference; fileEncoding = 4; lastKnownFileType = sourcecode.c.objc; path = BKHomeViewController.m; sourceTree = "<group>"; };
		286FB89918BC390300D6A3C4 /* BKMonitoringViewController.h */ = {isa = PBXFileReference; fileEncoding = 4; lastKnownFileType = sourcecode.c.h; path = BKMonitoringViewController.h; sourceTree = "<group>"; };
		286FB89A18BC390300D6A3C4 /* BKMonitoringViewController.m */ = {isa = PBXFileReference; fileEncoding = 4; lastKnownFileType = sourcecode.c.objc; path = BKMonitoringViewController.m; sourceTree = "<group>"; };
		28794C0E18CDA364002BF482 /* BKGeneralRegionTrigger.h */ = {isa = PBXFileReference; fileEncoding = 4; lastKnownFileType = sourcecode.c.h; path = BKGeneralRegionTrigger.h; sourceTree = "<group>"; };
		28794C0F18CDA364002BF482 /* BKGeneralRegionTrigger.m */ = {isa = PBXFileReference; fileEncoding = 4; lastKnownFileType = sourcecode.c.objc; path = BKGeneralRegionTrigger.m; sourceTree = "<group>"; };
		287EFD7818CD7A6600D6AEE2 /* BKConstants.h */ = {isa = PBXFileReference; fileEncoding = 4; lastKnownFileType = sourcecode.c.h; path = BKConstants.h; sourceTree = "<group>"; };
		287EFD7918CD7A6600D6AEE2 /* BKConstants.m */ = {isa = PBXFileReference; fileEncoding = 4; lastKnownFileType = sourcecode.c.objc; path = BKConstants.m; sourceTree = "<group>"; };
		28C78D3F18AE0BAE00D6A676 /* BKRangingViewController.h */ = {isa = PBXFileReference; fileEncoding = 4; lastKnownFileType = sourcecode.c.h; path = BKRangingViewController.h; sourceTree = "<group>"; };
		28C78D4018AE0BAE00D6A676 /* BKRangingViewController.m */ = {isa = PBXFileReference; fileEncoding = 4; lastKnownFileType = sourcecode.c.objc; path = BKRangingViewController.m; sourceTree = "<group>"; };
		28C78D4218AE0E8A00D6A676 /* MNBeaconManager.h */ = {isa = PBXFileReference; fileEncoding = 4; lastKnownFileType = sourcecode.c.h; path = MNBeaconManager.h; sourceTree = "<group>"; };
		28C78D4318AE0E8A00D6A676 /* MNBeaconManager.m */ = {isa = PBXFileReference; fileEncoding = 4; lastKnownFileType = sourcecode.c.objc; path = MNBeaconManager.m; sourceTree = "<group>"; };
		28FFC70A18CB863D00C1E56B /* MNBeaconManagerSpec.m */ = {isa = PBXFileReference; fileEncoding = 4; lastKnownFileType = sourcecode.c.objc; path = MNBeaconManagerSpec.m; sourceTree = "<group>"; };
		2F6100A82F98472AB1639301 /* Pods-Beckoning.xcconfig */ = {isa = PBXFileReference; includeInIndex = 1; lastKnownFileType = text.xcconfig; name = "Pods-Beckoning.xcconfig"; path = "Pods/Pods-Beckoning.xcconfig"; sourceTree = "<group>"; };
		7B13EA4B3E91409E9755798F /* libPods.a */ = {isa = PBXFileReference; explicitFileType = archive.ar; includeInIndex = 0; path = libPods.a; sourceTree = BUILT_PRODUCTS_DIR; };
		94EE7924166242038E6A9699 /* libPods-Beckoning.a */ = {isa = PBXFileReference; explicitFileType = archive.ar; includeInIndex = 0; path = "libPods-Beckoning.a"; sourceTree = BUILT_PRODUCTS_DIR; };
		9F7CD21D28CC409FB751D15D /* Pods-BeckoningTests.xcconfig */ = {isa = PBXFileReference; includeInIndex = 1; lastKnownFileType = text.xcconfig; name = "Pods-BeckoningTests.xcconfig"; path = "Pods/Pods-BeckoningTests.xcconfig"; sourceTree = "<group>"; };
		A97AA2AC14224DDA92C1BB02 /* libPods-BeckoningTests.a */ = {isa = PBXFileReference; explicitFileType = archive.ar; includeInIndex = 0; path = "libPods-BeckoningTests.a"; sourceTree = BUILT_PRODUCTS_DIR; };
/* End PBXFileReference section */

/* Begin PBXFrameworksBuildPhase section */
		2868E9B318AE0A6B00D3DC72 /* Frameworks */ = {
			isa = PBXFrameworksBuildPhase;
			buildActionMask = 2147483647;
			files = (
				2868E9BC18AE0A6B00D3DC72 /* CoreGraphics.framework in Frameworks */,
				2868E9BE18AE0A6B00D3DC72 /* UIKit.framework in Frameworks */,
				2868E9BA18AE0A6B00D3DC72 /* Foundation.framework in Frameworks */,
				18D5CAF53375470BBAEA761E /* libPods-Beckoning.a in Frameworks */,
			);
			runOnlyForDeploymentPostprocessing = 0;
		};
		2868E9D718AE0A6B00D3DC72 /* Frameworks */ = {
			isa = PBXFrameworksBuildPhase;
			buildActionMask = 2147483647;
			files = (
				2868E9DC18AE0A6B00D3DC72 /* XCTest.framework in Frameworks */,
				2868E9DE18AE0A6B00D3DC72 /* UIKit.framework in Frameworks */,
				2868E9DD18AE0A6B00D3DC72 /* Foundation.framework in Frameworks */,
				8AEE583988C740B7A4F9EE71 /* libPods-BeckoningTests.a in Frameworks */,
			);
			runOnlyForDeploymentPostprocessing = 0;
		};
/* End PBXFrameworksBuildPhase section */

/* Begin PBXGroup section */
		2868E9AD18AE0A6B00D3DC72 = {
			isa = PBXGroup;
			children = (
				2868E9BF18AE0A6B00D3DC72 /* Beckoning */,
				2868E9E118AE0A6B00D3DC72 /* BeckoningTests */,
				2868E9B818AE0A6B00D3DC72 /* Frameworks */,
				2868E9B718AE0A6B00D3DC72 /* Products */,
				2F6100A82F98472AB1639301 /* Pods-Beckoning.xcconfig */,
				9F7CD21D28CC409FB751D15D /* Pods-BeckoningTests.xcconfig */,
			);
			sourceTree = "<group>";
		};
		2868E9B718AE0A6B00D3DC72 /* Products */ = {
			isa = PBXGroup;
			children = (
				2868E9B618AE0A6B00D3DC72 /* Beckoning.app */,
				2868E9DA18AE0A6B00D3DC72 /* BeckoningTests.xctest */,
			);
			name = Products;
			sourceTree = "<group>";
		};
		2868E9B818AE0A6B00D3DC72 /* Frameworks */ = {
			isa = PBXGroup;
			children = (
				2868E9B918AE0A6B00D3DC72 /* Foundation.framework */,
				2868E9BB18AE0A6B00D3DC72 /* CoreGraphics.framework */,
				2868E9BD18AE0A6B00D3DC72 /* UIKit.framework */,
				2868E9DB18AE0A6B00D3DC72 /* XCTest.framework */,
				7B13EA4B3E91409E9755798F /* libPods.a */,
				94EE7924166242038E6A9699 /* libPods-Beckoning.a */,
				A97AA2AC14224DDA92C1BB02 /* libPods-BeckoningTests.a */,
			);
			name = Frameworks;
			sourceTree = "<group>";
		};
		2868E9BF18AE0A6B00D3DC72 /* Beckoning */ = {
			isa = PBXGroup;
			children = (
				28C78D4218AE0E8A00D6A676 /* MNBeaconManager.h */,
				28C78D4318AE0E8A00D6A676 /* MNBeaconManager.m */,
				287EFD7818CD7A6600D6AEE2 /* BKConstants.h */,
				287EFD7918CD7A6600D6AEE2 /* BKConstants.m */,
				2868E9C818AE0A6B00D3DC72 /* BKAppDelegate.h */,
				2868E9C918AE0A6B00D3DC72 /* BKAppDelegate.m */,
				286FB89618BC363700D6A3C4 /* BKHomeViewController.h */,
				286FB89718BC363700D6A3C4 /* BKHomeViewController.m */,
				286FB89918BC390300D6A3C4 /* BKMonitoringViewController.h */,
				286FB89A18BC390300D6A3C4 /* BKMonitoringViewController.m */,
				28C78D3F18AE0BAE00D6A676 /* BKRangingViewController.h */,
				28C78D4018AE0BAE00D6A676 /* BKRangingViewController.m */,
				286BF3F718C9DF0700EABFF0 /* BKFourSquareTrigger.h */,
				286BF3F818C9DF0700EABFF0 /* BKFourSquareTrigger.m */,
				28794C0E18CDA364002BF482 /* BKGeneralRegionTrigger.h */,
				28794C0F18CDA364002BF482 /* BKGeneralRegionTrigger.m */,
				2868E9CB18AE0A6B00D3DC72 /* Main.storyboard */,
				2868E9D418AE0A6B00D3DC72 /* Images.xcassets */,
				2868E9C018AE0A6B00D3DC72 /* Supporting Files */,
			);
			path = Beckoning;
			sourceTree = "<group>";
		};
		2868E9C018AE0A6B00D3DC72 /* Supporting Files */ = {
			isa = PBXGroup;
			children = (
				2868E9C118AE0A6B00D3DC72 /* Beckoning-Info.plist */,
				2868E9C218AE0A6B00D3DC72 /* InfoPlist.strings */,
				2868E9C518AE0A6B00D3DC72 /* main.m */,
				2868E9C718AE0A6B00D3DC72 /* Beckoning-Prefix.pch */,
			);
			name = "Supporting Files";
			sourceTree = "<group>";
		};
		2868E9E118AE0A6B00D3DC72 /* BeckoningTests */ = {
			isa = PBXGroup;
			children = (
				28FFC70A18CB863D00C1E56B /* MNBeaconManagerSpec.m */,
				2868E9E218AE0A6B00D3DC72 /* Supporting Files */,
			);
			path = BeckoningTests;
			sourceTree = "<group>";
		};
		2868E9E218AE0A6B00D3DC72 /* Supporting Files */ = {
			isa = PBXGroup;
			children = (
				2868E9E318AE0A6B00D3DC72 /* BeckoningTests-Info.plist */,
				2868E9E418AE0A6B00D3DC72 /* InfoPlist.strings */,
			);
			name = "Supporting Files";
			sourceTree = "<group>";
		};
/* End PBXGroup section */

/* Begin PBXNativeTarget section */
		2868E9B518AE0A6B00D3DC72 /* Beckoning */ = {
			isa = PBXNativeTarget;
			buildConfigurationList = 2868E9EB18AE0A6B00D3DC72 /* Build configuration list for PBXNativeTarget "Beckoning" */;
			buildPhases = (
				5AFE73D473E140F6B179E212 /* Check Pods Manifest.lock */,
				2868E9B218AE0A6B00D3DC72 /* Sources */,
				2868E9B318AE0A6B00D3DC72 /* Frameworks */,
				2868E9B418AE0A6B00D3DC72 /* Resources */,
				63E2C105B2154688A0E5A68C /* Copy Pods Resources */,
			);
			buildRules = (
			);
			dependencies = (
			);
			name = Beckoning;
			productName = Beckoning;
			productReference = 2868E9B618AE0A6B00D3DC72 /* Beckoning.app */;
			productType = "com.apple.product-type.application";
		};
		2868E9D918AE0A6B00D3DC72 /* BeckoningTests */ = {
			isa = PBXNativeTarget;
			buildConfigurationList = 2868E9EE18AE0A6B00D3DC72 /* Build configuration list for PBXNativeTarget "BeckoningTests" */;
			buildPhases = (
				E7E8E9DD723F4E018491F65E /* Check Pods Manifest.lock */,
				2868E9D618AE0A6B00D3DC72 /* Sources */,
				2868E9D718AE0A6B00D3DC72 /* Frameworks */,
				2868E9D818AE0A6B00D3DC72 /* Resources */,
				03EED5C7818F413CAA9CF959 /* Copy Pods Resources */,
			);
			buildRules = (
			);
			dependencies = (
				2868E9E018AE0A6B00D3DC72 /* PBXTargetDependency */,
			);
			name = BeckoningTests;
			productName = BeckoningTests;
			productReference = 2868E9DA18AE0A6B00D3DC72 /* BeckoningTests.xctest */;
			productType = "com.apple.product-type.bundle.unit-test";
		};
/* End PBXNativeTarget section */

/* Begin PBXProject section */
		2868E9AE18AE0A6B00D3DC72 /* Project object */ = {
			isa = PBXProject;
			attributes = {
				CLASSPREFIX = BK;
				LastUpgradeCheck = 0510;
				ORGANIZATIONNAME = Monokromik;
				TargetAttributes = {
					2868E9D918AE0A6B00D3DC72 = {
						TestTargetID = 2868E9B518AE0A6B00D3DC72;
					};
				};
			};
			buildConfigurationList = 2868E9B118AE0A6B00D3DC72 /* Build configuration list for PBXProject "Beckoning" */;
			compatibilityVersion = "Xcode 3.2";
			developmentRegion = English;
			hasScannedForEncodings = 0;
			knownRegions = (
				en,
				Base,
			);
			mainGroup = 2868E9AD18AE0A6B00D3DC72;
			productRefGroup = 2868E9B718AE0A6B00D3DC72 /* Products */;
			projectDirPath = "";
			projectRoot = "";
			targets = (
				2868E9B518AE0A6B00D3DC72 /* Beckoning */,
				2868E9D918AE0A6B00D3DC72 /* BeckoningTests */,
			);
		};
/* End PBXProject section */

/* Begin PBXResourcesBuildPhase section */
		2868E9B418AE0A6B00D3DC72 /* Resources */ = {
			isa = PBXResourcesBuildPhase;
			buildActionMask = 2147483647;
			files = (
				2868E9D518AE0A6B00D3DC72 /* Images.xcassets in Resources */,
				2868E9C418AE0A6B00D3DC72 /* InfoPlist.strings in Resources */,
				2868E9CD18AE0A6B00D3DC72 /* Main.storyboard in Resources */,
			);
			runOnlyForDeploymentPostprocessing = 0;
		};
		2868E9D818AE0A6B00D3DC72 /* Resources */ = {
			isa = PBXResourcesBuildPhase;
			buildActionMask = 2147483647;
			files = (
				2868E9E618AE0A6B00D3DC72 /* InfoPlist.strings in Resources */,
			);
			runOnlyForDeploymentPostprocessing = 0;
		};
/* End PBXResourcesBuildPhase section */

/* Begin PBXShellScriptBuildPhase section */
		03EED5C7818F413CAA9CF959 /* Copy Pods Resources */ = {
			isa = PBXShellScriptBuildPhase;
			buildActionMask = 2147483647;
			files = (
			);
			inputPaths = (
			);
			name = "Copy Pods Resources";
			outputPaths = (
			);
			runOnlyForDeploymentPostprocessing = 0;
			shellPath = /bin/sh;
			shellScript = "\"${SRCROOT}/Pods/Pods-BeckoningTests-resources.sh\"\n";
			showEnvVarsInLog = 0;
		};
		5AFE73D473E140F6B179E212 /* Check Pods Manifest.lock */ = {
			isa = PBXShellScriptBuildPhase;
			buildActionMask = 2147483647;
			files = (
			);
			inputPaths = (
			);
			name = "Check Pods Manifest.lock";
			outputPaths = (
			);
			runOnlyForDeploymentPostprocessing = 0;
			shellPath = /bin/sh;
			shellScript = "diff \"${PODS_ROOT}/../Podfile.lock\" \"${PODS_ROOT}/Manifest.lock\" > /dev/null\nif [[ $? != 0 ]] ; then\n    cat << EOM\nerror: The sandbox is not in sync with the Podfile.lock. Run 'pod install' or update your CocoaPods installation.\nEOM\n    exit 1\nfi\n";
			showEnvVarsInLog = 0;
		};
		63E2C105B2154688A0E5A68C /* Copy Pods Resources */ = {
			isa = PBXShellScriptBuildPhase;
			buildActionMask = 2147483647;
			files = (
			);
			inputPaths = (
			);
			name = "Copy Pods Resources";
			outputPaths = (
			);
			runOnlyForDeploymentPostprocessing = 0;
			shellPath = /bin/sh;
			shellScript = "\"${SRCROOT}/Pods/Pods-Beckoning-resources.sh\"\n";
			showEnvVarsInLog = 0;
		};
		E7E8E9DD723F4E018491F65E /* Check Pods Manifest.lock */ = {
			isa = PBXShellScriptBuildPhase;
			buildActionMask = 2147483647;
			files = (
			);
			inputPaths = (
			);
			name = "Check Pods Manifest.lock";
			outputPaths = (
			);
			runOnlyForDeploymentPostprocessing = 0;
			shellPath = /bin/sh;
			shellScript = "diff \"${PODS_ROOT}/../Podfile.lock\" \"${PODS_ROOT}/Manifest.lock\" > /dev/null\nif [[ $? != 0 ]] ; then\n    cat << EOM\nerror: The sandbox is not in sync with the Podfile.lock. Run 'pod install' or update your CocoaPods installation.\nEOM\n    exit 1\nfi\n";
			showEnvVarsInLog = 0;
		};
/* End PBXShellScriptBuildPhase section */

/* Begin PBXSourcesBuildPhase section */
		2868E9B218AE0A6B00D3DC72 /* Sources */ = {
			isa = PBXSourcesBuildPhase;
			buildActionMask = 2147483647;
			files = (
				28C78D4118AE0BAE00D6A676 /* BKRangingViewController.m in Sources */,
				286FB89818BC363700D6A3C4 /* BKHomeViewController.m in Sources */,
				287EFD7A18CD7A6600D6AEE2 /* BKConstants.m in Sources */,
				2868E9C618AE0A6B00D3DC72 /* main.m in Sources */,
				2868E9CA18AE0A6B00D3DC72 /* BKAppDelegate.m in Sources */,
				286BF3F918C9DF0700EABFF0 /* BKFourSquareTrigger.m in Sources */,
				286FB89B18BC390300D6A3C4 /* BKMonitoringViewController.m in Sources */,
				28C78D4418AE0E8A00D6A676 /* MNBeaconManager.m in Sources */,
				28794C1018CDA364002BF482 /* BKGeneralRegionTrigger.m in Sources */,
			);
			runOnlyForDeploymentPostprocessing = 0;
		};
		2868E9D618AE0A6B00D3DC72 /* Sources */ = {
			isa = PBXSourcesBuildPhase;
			buildActionMask = 2147483647;
			files = (
				28FFC70B18CB863D00C1E56B /* MNBeaconManagerSpec.m in Sources */,
				28FFC70C18CC0BB000C1E56B /* MNBeaconManager.m in Sources */,
			);
			runOnlyForDeploymentPostprocessing = 0;
		};
/* End PBXSourcesBuildPhase section */

/* Begin PBXTargetDependency section */
		2868E9E018AE0A6B00D3DC72 /* PBXTargetDependency */ = {
			isa = PBXTargetDependency;
			target = 2868E9B518AE0A6B00D3DC72 /* Beckoning */;
			targetProxy = 2868E9DF18AE0A6B00D3DC72 /* PBXContainerItemProxy */;
		};
/* End PBXTargetDependency section */

/* Begin PBXVariantGroup section */
		2868E9C218AE0A6B00D3DC72 /* InfoPlist.strings */ = {
			isa = PBXVariantGroup;
			children = (
				2868E9C318AE0A6B00D3DC72 /* en */,
			);
			name = InfoPlist.strings;
			sourceTree = "<group>";
		};
		2868E9CB18AE0A6B00D3DC72 /* Main.storyboard */ = {
			isa = PBXVariantGroup;
			children = (
				2868E9CC18AE0A6B00D3DC72 /* Base */,
			);
			name = Main.storyboard;
			sourceTree = "<group>";
		};
		2868E9E418AE0A6B00D3DC72 /* InfoPlist.strings */ = {
			isa = PBXVariantGroup;
			children = (
				2868E9E518AE0A6B00D3DC72 /* en */,
			);
			name = InfoPlist.strings;
			sourceTree = "<group>";
		};
/* End PBXVariantGroup section */

/* Begin XCBuildConfiguration section */
		2868E9E918AE0A6B00D3DC72 /* Debug */ = {
			isa = XCBuildConfiguration;
			buildSettings = {
				ALWAYS_SEARCH_USER_PATHS = NO;
				CLANG_CXX_LANGUAGE_STANDARD = "gnu++0x";
				CLANG_CXX_LIBRARY = "libc++";
				CLANG_ENABLE_MODULES = YES;
				CLANG_ENABLE_OBJC_ARC = YES;
				CLANG_WARN_BOOL_CONVERSION = YES;
				CLANG_WARN_CONSTANT_CONVERSION = YES;
				CLANG_WARN_DIRECT_OBJC_ISA_USAGE = YES_ERROR;
				CLANG_WARN_EMPTY_BODY = YES;
				CLANG_WARN_ENUM_CONVERSION = YES;
				CLANG_WARN_INT_CONVERSION = YES;
				CLANG_WARN_OBJC_ROOT_CLASS = YES_ERROR;
				CLANG_WARN__DUPLICATE_METHOD_MATCH = YES;
				"CODE_SIGN_IDENTITY[sdk=iphoneos*]" = "iPhone Developer";
				COPY_PHASE_STRIP = NO;
				GCC_C_LANGUAGE_STANDARD = gnu99;
				GCC_DYNAMIC_NO_PIC = NO;
				GCC_OPTIMIZATION_LEVEL = 0;
				GCC_PREPROCESSOR_DEFINITIONS = (
					"DEBUG=1",
					"$(inherited)",
				);
				GCC_SYMBOLS_PRIVATE_EXTERN = NO;
				GCC_WARN_64_TO_32_BIT_CONVERSION = YES;
				GCC_WARN_ABOUT_RETURN_TYPE = YES_ERROR;
				GCC_WARN_UNDECLARED_SELECTOR = YES;
				GCC_WARN_UNINITIALIZED_AUTOS = YES_AGGRESSIVE;
				GCC_WARN_UNUSED_FUNCTION = YES;
				GCC_WARN_UNUSED_VARIABLE = YES;
				IPHONEOS_DEPLOYMENT_TARGET = 7.1;
				ONLY_ACTIVE_ARCH = YES;
				SDKROOT = iphoneos;
			};
			name = Debug;
		};
		2868E9EA18AE0A6B00D3DC72 /* Release */ = {
			isa = XCBuildConfiguration;
			buildSettings = {
				ALWAYS_SEARCH_USER_PATHS = NO;
				CLANG_CXX_LANGUAGE_STANDARD = "gnu++0x";
				CLANG_CXX_LIBRARY = "libc++";
				CLANG_ENABLE_MODULES = YES;
				CLANG_ENABLE_OBJC_ARC = YES;
				CLANG_WARN_BOOL_CONVERSION = YES;
				CLANG_WARN_CONSTANT_CONVERSION = YES;
				CLANG_WARN_DIRECT_OBJC_ISA_USAGE = YES_ERROR;
				CLANG_WARN_EMPTY_BODY = YES;
				CLANG_WARN_ENUM_CONVERSION = YES;
				CLANG_WARN_INT_CONVERSION = YES;
				CLANG_WARN_OBJC_ROOT_CLASS = YES_ERROR;
				CLANG_WARN__DUPLICATE_METHOD_MATCH = YES;
				"CODE_SIGN_IDENTITY[sdk=iphoneos*]" = "iPhone Developer";
				COPY_PHASE_STRIP = YES;
				ENABLE_NS_ASSERTIONS = NO;
				GCC_C_LANGUAGE_STANDARD = gnu99;
				GCC_WARN_64_TO_32_BIT_CONVERSION = YES;
				GCC_WARN_ABOUT_RETURN_TYPE = YES_ERROR;
				GCC_WARN_UNDECLARED_SELECTOR = YES;
				GCC_WARN_UNINITIALIZED_AUTOS = YES_AGGRESSIVE;
				GCC_WARN_UNUSED_FUNCTION = YES;
				GCC_WARN_UNUSED_VARIABLE = YES;
				IPHONEOS_DEPLOYMENT_TARGET = 7.1;
				SDKROOT = iphoneos;
				VALIDATE_PRODUCT = YES;
			};
			name = Release;
		};
		2868E9EC18AE0A6B00D3DC72 /* Debug */ = {
			isa = XCBuildConfiguration;
			baseConfigurationReference = 2F6100A82F98472AB1639301 /* Pods-Beckoning.xcconfig */;
			buildSettings = {
				ASSETCATALOG_COMPILER_APPICON_NAME = AppIcon;
				ASSETCATALOG_COMPILER_LAUNCHIMAGE_NAME = LaunchImage;
				GCC_PRECOMPILE_PREFIX_HEADER = YES;
				GCC_PREFIX_HEADER = "Beckoning/Beckoning-Prefix.pch";
				INFOPLIST_FILE = "Beckoning/Beckoning-Info.plist";
				IPHONEOS_DEPLOYMENT_TARGET = 7.0;
				PRODUCT_NAME = "$(TARGET_NAME)";
				WRAPPER_EXTENSION = app;
			};
			name = Debug;
		};
		2868E9ED18AE0A6B00D3DC72 /* Release */ = {
			isa = XCBuildConfiguration;
			baseConfigurationReference = 2F6100A82F98472AB1639301 /* Pods-Beckoning.xcconfig */;
			buildSettings = {
				ASSETCATALOG_COMPILER_APPICON_NAME = AppIcon;
				ASSETCATALOG_COMPILER_LAUNCHIMAGE_NAME = LaunchImage;
				GCC_PRECOMPILE_PREFIX_HEADER = YES;
				GCC_PREFIX_HEADER = "Beckoning/Beckoning-Prefix.pch";
				INFOPLIST_FILE = "Beckoning/Beckoning-Info.plist";
				IPHONEOS_DEPLOYMENT_TARGET = 7.0;
				PRODUCT_NAME = "$(TARGET_NAME)";
				WRAPPER_EXTENSION = app;
			};
			name = Release;
		};
		2868E9EF18AE0A6B00D3DC72 /* Debug */ = {
			isa = XCBuildConfiguration;
			baseConfigurationReference = 9F7CD21D28CC409FB751D15D /* Pods-BeckoningTests.xcconfig */;
			buildSettings = {
				BUNDLE_LOADER = "$(BUILT_PRODUCTS_DIR)/Beckoning.app/Beckoning";
				FRAMEWORK_SEARCH_PATHS = (
					"$(SDKROOT)/Developer/Library/Frameworks",
					"$(inherited)",
					"$(DEVELOPER_FRAMEWORKS_DIR)",
				);
				GCC_PRECOMPILE_PREFIX_HEADER = YES;
				GCC_PREFIX_HEADER = "Beckoning/Beckoning-Prefix.pch";
				GCC_PREPROCESSOR_DEFINITIONS = (
					"DEBUG=1",
					"$(inherited)",
				);
				INFOPLIST_FILE = "BeckoningTests/BeckoningTests-Info.plist";
				PRODUCT_NAME = "$(TARGET_NAME)";
				TEST_HOST = "$(BUNDLE_LOADER)";
				WRAPPER_EXTENSION = xctest;
			};
			name = Debug;
		};
		2868E9F018AE0A6B00D3DC72 /* Release */ = {
			isa = XCBuildConfiguration;
			baseConfigurationReference = 9F7CD21D28CC409FB751D15D /* Pods-BeckoningTests.xcconfig */;
			buildSettings = {
				BUNDLE_LOADER = "$(BUILT_PRODUCTS_DIR)/Beckoning.app/Beckoning";
				FRAMEWORK_SEARCH_PATHS = (
					"$(SDKROOT)/Developer/Library/Frameworks",
					"$(inherited)",
					"$(DEVELOPER_FRAMEWORKS_DIR)",
				);
				GCC_PRECOMPILE_PREFIX_HEADER = YES;
				GCC_PREFIX_HEADER = "Beckoning/Beckoning-Prefix.pch";
				INFOPLIST_FILE = "BeckoningTests/BeckoningTests-Info.plist";
				PRODUCT_NAME = "$(TARGET_NAME)";
				TEST_HOST = "$(BUNDLE_LOADER)";
				WRAPPER_EXTENSION = xctest;
			};
			name = Release;
		};
/* End XCBuildConfiguration section */

/* Begin XCConfigurationList section */
		2868E9B118AE0A6B00D3DC72 /* Build configuration list for PBXProject "Beckoning" */ = {
			isa = XCConfigurationList;
			buildConfigurations = (
				2868E9E918AE0A6B00D3DC72 /* Debug */,
				2868E9EA18AE0A6B00D3DC72 /* Release */,
			);
			defaultConfigurationIsVisible = 0;
			defaultConfigurationName = Release;
		};
		2868E9EB18AE0A6B00D3DC72 /* Build configuration list for PBXNativeTarget "Beckoning" */ = {
			isa = XCConfigurationList;
			buildConfigurations = (
				2868E9EC18AE0A6B00D3DC72 /* Debug */,
				2868E9ED18AE0A6B00D3DC72 /* Release */,
			);
			defaultConfigurationIsVisible = 0;
			defaultConfigurationName = Release;
		};
		2868E9EE18AE0A6B00D3DC72 /* Build configuration list for PBXNativeTarget "BeckoningTests" */ = {
			isa = XCConfigurationList;
			buildConfigurations = (
				2868E9EF18AE0A6B00D3DC72 /* Debug */,
				2868E9F018AE0A6B00D3DC72 /* Release */,
			);
			defaultConfigurationIsVisible = 0;
			defaultConfigurationName = Release;
		};
/* End XCConfigurationList section */
	};
	rootObject = 2868E9AE18AE0A6B00D3DC72 /* Project object */;
}
