// !$*UTF8*$!
{
	archiveVersion = 1;
	classes = {
	};
	objectVersion = 46;
	objects = {

/* Begin PBXBuildFile section */
		2868E9BA18AE0A6B00D3DC72 /* Foundation.framework in Frameworks */ = {isa = PBXBuildFile; fileRef = 2868E9B918AE0A6B00D3DC72 /* Foundation.framework */; };
		2868E9BC18AE0A6B00D3DC72 /* CoreGraphics.framework in Frameworks */ = {isa = PBXBuildFile; fileRef = 2868E9BB18AE0A6B00D3DC72 /* CoreGraphics.framework */; };
		2868E9BE18AE0A6B00D3DC72 /* UIKit.framework in Frameworks */ = {isa = PBXBuildFile; fileRef = 2868E9BD18AE0A6B00D3DC72 /* UIKit.framework */; };
		2868E9C418AE0A6B00D3DC72 /* InfoPlist.strings in Resources */ = {isa = PBXBuildFile; fileRef = 2868E9C218AE0A6B00D3DC72 /* InfoPlist.strings */; };
		2868E9C618AE0A6B00D3DC72 /* main.m in Sources */ = {isa = PBXBuildFile; fileRef = 2868E9C518AE0A6B00D3DC72 /* main.m */; };
		2868E9CA18AE0A6B00D3DC72 /* BKAppDelegate.m in Sources */ = {isa = PBXBuildFile; fileRef = 2868E9C918AE0A6B00D3DC72 /* BKAppDelegate.m */; };
		2868E9CD18AE0A6B00D3DC72 /* Main.storyboard in Resources */ = {isa = PBXBuildFile; fileRef = 2868E9CB18AE0A6B00D3DC72 /* Main.storyboard */; };
		2868E9D018AE0A6B00D3DC72 /* BKMasterViewController.m in Sources */ = {isa = PBXBuildFile; fileRef = 2868E9CF18AE0A6B00D3DC72 /* BKMasterViewController.m */; };
		2868E9D318AE0A6B00D3DC72 /* BKDetailViewController.m in Sources */ = {isa = PBXBuildFile; fileRef = 2868E9D218AE0A6B00D3DC72 /* BKDetailViewController.m */; };
		2868E9D518AE0A6B00D3DC72 /* Images.xcassets in Resources */ = {isa = PBXBuildFile; fileRef = 2868E9D418AE0A6B00D3DC72 /* Images.xcassets */; };
		2868E9DC18AE0A6B00D3DC72 /* XCTest.framework in Frameworks */ = {isa = PBXBuildFile; fileRef = 2868E9DB18AE0A6B00D3DC72 /* XCTest.framework */; };
		2868E9DD18AE0A6B00D3DC72 /* Foundation.framework in Frameworks */ = {isa = PBXBuildFile; fileRef = 2868E9B918AE0A6B00D3DC72 /* Foundation.framework */; };
		2868E9DE18AE0A6B00D3DC72 /* UIKit.framework in Frameworks */ = {isa = PBXBuildFile; fileRef = 2868E9BD18AE0A6B00D3DC72 /* UIKit.framework */; };
		2868E9E618AE0A6B00D3DC72 /* InfoPlist.strings in Resources */ = {isa = PBXBuildFile; fileRef = 2868E9E418AE0A6B00D3DC72 /* InfoPlist.strings */; };
		2868E9E818AE0A6B00D3DC72 /* BeckoningTests.m in Sources */ = {isa = PBXBuildFile; fileRef = 2868E9E718AE0A6B00D3DC72 /* BeckoningTests.m */; };
/* End PBXBuildFile section */

/* Begin PBXContainerItemProxy section */
		2868E9DF18AE0A6B00D3DC72 /* PBXContainerItemProxy */ = {
			isa = PBXContainerItemProxy;
			containerPortal = 2868E9AE18AE0A6B00D3DC72 /* Project object */;
			proxyType = 1;
			remoteGlobalIDString = 2868E9B518AE0A6B00D3DC72;
			remoteInfo = Beckoning;
		};
/* End PBXContainerItemProxy section */

/* Begin PBXFileReference section */
		2868E9B618AE0A6B00D3DC72 /* Beckoning.app */ = {isa = PBXFileReference; explicitFileType = wrapper.application; includeInIndex = 0; path = Beckoning.app; sourceTree = BUILT_PRODUCTS_DIR; };
		2868E9B918AE0A6B00D3DC72 /* Foundation.framework */ = {isa = PBXFileReference; lastKnownFileType = wrapper.framework; name = Foundation.framework; path = System/Library/Frameworks/Foundation.framework; sourceTree = SDKROOT; };
		2868E9BB18AE0A6B00D3DC72 /* CoreGraphics.framework */ = {isa = PBXFileReference; lastKnownFileType = wrapper.framework; name = CoreGraphics.framework; path = System/Library/Frameworks/CoreGraphics.framework; sourceTree = SDKROOT; };
		2868E9BD18AE0A6B00D3DC72 /* UIKit.framework */ = {isa = PBXFileReference; lastKnownFileType = wrapper.framework; name = UIKit.framework; path = System/Library/Frameworks/UIKit.framework; sourceTree = SDKROOT; };
		2868E9C118AE0A6B00D3DC72 /* Beckoning-Info.plist */ = {isa = PBXFileReference; lastKnownFileType = text.plist.xml; path = "Beckoning-Info.plist"; sourceTree = "<group>"; };
		2868E9C318AE0A6B00D3DC72 /* en */ = {isa = PBXFileReference; lastKnownFileType = text.plist.strings; name = en; path = en.lproj/InfoPlist.strings; sourceTree = "<group>"; };
		2868E9C518AE0A6B00D3DC72 /* main.m */ = {isa = PBXFileReference; lastKnownFileType = sourcecode.c.objc; path = main.m; sourceTree = "<group>"; };
		2868E9C718AE0A6B00D3DC72 /* Beckoning-Prefix.pch */ = {isa = PBXFileReference; lastKnownFileType = sourcecode.c.h; path = "Beckoning-Prefix.pch"; sourceTree = "<group>"; };
		2868E9C818AE0A6B00D3DC72 /* BKAppDelegate.h */ = {isa = PBXFileReference; lastKnownFileType = sourcecode.c.h; path = BKAppDelegate.h; sourceTree = "<group>"; };
		2868E9C918AE0A6B00D3DC72 /* BKAppDelegate.m */ = {isa = PBXFileReference; lastKnownFileType = sourcecode.c.objc; path = BKAppDelegate.m; sourceTree = "<group>"; };
		2868E9CC18AE0A6B00D3DC72 /* Base */ = {isa = PBXFileReference; lastKnownFileType = file.storyboard; name = Base; path = Base.lproj/Main.storyboard; sourceTree = "<group>"; };
		2868E9CE18AE0A6B00D3DC72 /* BKMasterViewController.h */ = {isa = PBXFileReference; lastKnownFileType = sourcecode.c.h; path = BKMasterViewController.h; sourceTree = "<group>"; };
		2868E9CF18AE0A6B00D3DC72 /* BKMasterViewController.m */ = {isa = PBXFileReference; lastKnownFileType = sourcecode.c.objc; path = BKMasterViewController.m; sourceTree = "<group>"; };
		2868E9D118AE0A6B00D3DC72 /* BKDetailViewController.h */ = {isa = PBXFileReference; lastKnownFileType = sourcecode.c.h; path = BKDetailViewController.h; sourceTree = "<group>"; };
		2868E9D218AE0A6B00D3DC72 /* BKDetailViewController.m */ = {isa = PBXFileReference; lastKnownFileType = sourcecode.c.objc; path = BKDetailViewController.m; sourceTree = "<group>"; };
		2868E9D418AE0A6B00D3DC72 /* Images.xcassets */ = {isa = PBXFileReference; lastKnownFileType = folder.assetcatalog; path = Images.xcassets; sourceTree = "<group>"; };
		2868E9DA18AE0A6B00D3DC72 /* BeckoningTests.xctest */ = {isa = PBXFileReference; explicitFileType = wrapper.cfbundle; includeInIndex = 0; path = BeckoningTests.xctest; sourceTree = BUILT_PRODUCTS_DIR; };
		2868E9DB18AE0A6B00D3DC72 /* XCTest.framework */ = {isa = PBXFileReference; lastKnownFileType = wrapper.framework; name = XCTest.framework; path = Library/Frameworks/XCTest.framework; sourceTree = DEVELOPER_DIR; };
		2868E9E318AE0A6B00D3DC72 /* BeckoningTests-Info.plist */ = {isa = PBXFileReference; lastKnownFileType = text.plist.xml; path = "BeckoningTests-Info.plist"; sourceTree = "<group>"; };
		2868E9E518AE0A6B00D3DC72 /* en */ = {isa = PBXFileReference; lastKnownFileType = text.plist.strings; name = en; path = en.lproj/InfoPlist.strings; sourceTree = "<group>"; };
		2868E9E718AE0A6B00D3DC72 /* BeckoningTests.m */ = {isa = PBXFileReference; lastKnownFileType = sourcecode.c.objc; path = BeckoningTests.m; sourceTree = "<group>"; };
/* End PBXFileReference section */

/* Begin PBXFrameworksBuildPhase section */
		2868E9B318AE0A6B00D3DC72 /* Frameworks */ = {
			isa = PBXFrameworksBuildPhase;
			buildActionMask = 2147483647;
			files = (
				2868E9BC18AE0A6B00D3DC72 /* CoreGraphics.framework in Frameworks */,
				2868E9BE18AE0A6B00D3DC72 /* UIKit.framework in Frameworks */,
				2868E9BA18AE0A6B00D3DC72 /* Foundation.framework in Frameworks */,
			);
			runOnlyForDeploymentPostprocessing = 0;
		};
		2868E9D718AE0A6B00D3DC72 /* Frameworks */ = {
			isa = PBXFrameworksBuildPhase;
			buildActionMask = 2147483647;
			files = (
				2868E9DC18AE0A6B00D3DC72 /* XCTest.framework in Frameworks */,
				2868E9DE18AE0A6B00D3DC72 /* UIKit.framework in Frameworks */,
				2868E9DD18AE0A6B00D3DC72 /* Foundation.framework in Frameworks */,
			);
			runOnlyForDeploymentPostprocessing = 0;
		};
/* End PBXFrameworksBuildPhase section */

/* Begin PBXGroup section */
		2868E9AD18AE0A6B00D3DC72 = {
			isa = PBXGroup;
			children = (
				2868E9BF18AE0A6B00D3DC72 /* Beckoning */,
				2868E9E118AE0A6B00D3DC72 /* BeckoningTests */,
				2868E9B818AE0A6B00D3DC72 /* Frameworks */,
				2868E9B718AE0A6B00D3DC72 /* Products */,
			);
			sourceTree = "<group>";
		};
		2868E9B718AE0A6B00D3DC72 /* Products */ = {
			isa = PBXGroup;
			children = (
				2868E9B618AE0A6B00D3DC72 /* Beckoning.app */,
				2868E9DA18AE0A6B00D3DC72 /* BeckoningTests.xctest */,
			);
			name = Products;
			sourceTree = "<group>";
		};
		2868E9B818AE0A6B00D3DC72 /* Frameworks */ = {
			isa = PBXGroup;
			children = (
				2868E9B918AE0A6B00D3DC72 /* Foundation.framework */,
				2868E9BB18AE0A6B00D3DC72 /* CoreGraphics.framework */,
				2868E9BD18AE0A6B00D3DC72 /* UIKit.framework */,
				2868E9DB18AE0A6B00D3DC72 /* XCTest.framework */,
			);
			name = Frameworks;
			sourceTree = "<group>";
		};
		2868E9BF18AE0A6B00D3DC72 /* Beckoning */ = {
			isa = PBXGroup;
			children = (
				2868E9C818AE0A6B00D3DC72 /* BKAppDelegate.h */,
				2868E9C918AE0A6B00D3DC72 /* BKAppDelegate.m */,
				2868E9CB18AE0A6B00D3DC72 /* Main.storyboard */,
				2868E9CE18AE0A6B00D3DC72 /* BKMasterViewController.h */,
				2868E9CF18AE0A6B00D3DC72 /* BKMasterViewController.m */,
				2868E9D118AE0A6B00D3DC72 /* BKDetailViewController.h */,
				2868E9D218AE0A6B00D3DC72 /* BKDetailViewController.m */,
				2868E9D418AE0A6B00D3DC72 /* Images.xcassets */,
				2868E9C018AE0A6B00D3DC72 /* Supporting Files */,
			);
			path = Beckoning;
			sourceTree = "<group>";
		};
		2868E9C018AE0A6B00D3DC72 /* Supporting Files */ = {
			isa = PBXGroup;
			children = (
				2868E9C118AE0A6B00D3DC72 /* Beckoning-Info.plist */,
				2868E9C218AE0A6B00D3DC72 /* InfoPlist.strings */,
				2868E9C518AE0A6B00D3DC72 /* main.m */,
				2868E9C718AE0A6B00D3DC72 /* Beckoning-Prefix.pch */,
			);
			name = "Supporting Files";
			sourceTree = "<group>";
		};
		2868E9E118AE0A6B00D3DC72 /* BeckoningTests */ = {
			isa = PBXGroup;
			children = (
				2868E9E718AE0A6B00D3DC72 /* BeckoningTests.m */,
				2868E9E218AE0A6B00D3DC72 /* Supporting Files */,
			);
			path = BeckoningTests;
			sourceTree = "<group>";
		};
		2868E9E218AE0A6B00D3DC72 /* Supporting Files */ = {
			isa = PBXGroup;
			children = (
				2868E9E318AE0A6B00D3DC72 /* BeckoningTests-Info.plist */,
				2868E9E418AE0A6B00D3DC72 /* InfoPlist.strings */,
			);
			name = "Supporting Files";
			sourceTree = "<group>";
		};
/* End PBXGroup section */

/* Begin PBXNativeTarget section */
		2868E9B518AE0A6B00D3DC72 /* Beckoning */ = {
			isa = PBXNativeTarget;
			buildConfigurationList = 2868E9EB18AE0A6B00D3DC72 /* Build configuration list for PBXNativeTarget "Beckoning" */;
			buildPhases = (
				2868E9B218AE0A6B00D3DC72 /* Sources */,
				2868E9B318AE0A6B00D3DC72 /* Frameworks */,
				2868E9B418AE0A6B00D3DC72 /* Resources */,
			);
			buildRules = (
			);
			dependencies = (
			);
			name = Beckoning;
			productName = Beckoning;
			productReference = 2868E9B618AE0A6B00D3DC72 /* Beckoning.app */;
			productType = "com.apple.product-type.application";
		};
		2868E9D918AE0A6B00D3DC72 /* BeckoningTests */ = {
			isa = PBXNativeTarget;
			buildConfigurationList = 2868E9EE18AE0A6B00D3DC72 /* Build configuration list for PBXNativeTarget "BeckoningTests" */;
			buildPhases = (
				2868E9D618AE0A6B00D3DC72 /* Sources */,
				2868E9D718AE0A6B00D3DC72 /* Frameworks */,
				2868E9D818AE0A6B00D3DC72 /* Resources */,
			);
			buildRules = (
			);
			dependencies = (
				2868E9E018AE0A6B00D3DC72 /* PBXTargetDependency */,
			);
			name = BeckoningTests;
			productName = BeckoningTests;
			productReference = 2868E9DA18AE0A6B00D3DC72 /* BeckoningTests.xctest */;
			productType = "com.apple.product-type.bundle.unit-test";
		};
/* End PBXNativeTarget section */

/* Begin PBXProject section */
		2868E9AE18AE0A6B00D3DC72 /* Project object */ = {
			isa = PBXProject;
			attributes = {
				CLASSPREFIX = BK;
				LastUpgradeCheck = 0510;
				ORGANIZATIONNAME = Monokromik;
				TargetAttributes = {
					2868E9D918AE0A6B00D3DC72 = {
						TestTargetID = 2868E9B518AE0A6B00D3DC72;
					};
				};
			};
			buildConfigurationList = 2868E9B118AE0A6B00D3DC72 /* Build configuration list for PBXProject "Beckoning" */;
			compatibilityVersion = "Xcode 3.2";
			developmentRegion = English;
			hasScannedForEncodings = 0;
			knownRegions = (
				en,
				Base,
			);
			mainGroup = 2868E9AD18AE0A6B00D3DC72;
			productRefGroup = 2868E9B718AE0A6B00D3DC72 /* Products */;
			projectDirPath = "";
			projectRoot = "";
			targets = (
				2868E9B518AE0A6B00D3DC72 /* Beckoning */,
				2868E9D918AE0A6B00D3DC72 /* BeckoningTests */,
			);
		};
/* End PBXProject section */

/* Begin PBXResourcesBuildPhase section */
		2868E9B418AE0A6B00D3DC72 /* Resources */ = {
			isa = PBXResourcesBuildPhase;
			buildActionMask = 2147483647;
			files = (
				2868E9D518AE0A6B00D3DC72 /* Images.xcassets in Resources */,
				2868E9C418AE0A6B00D3DC72 /* InfoPlist.strings in Resources */,
				2868E9CD18AE0A6B00D3DC72 /* Main.storyboard in Resources */,
			);
			runOnlyForDeploymentPostprocessing = 0;
		};
		2868E9D818AE0A6B00D3DC72 /* Resources */ = {
			isa = PBXResourcesBuildPhase;
			buildActionMask = 2147483647;
			files = (
				2868E9E618AE0A6B00D3DC72 /* InfoPlist.strings in Resources */,
			);
			runOnlyForDeploymentPostprocessing = 0;
		};
/* End PBXResourcesBuildPhase section */

/* Begin PBXSourcesBuildPhase section */
		2868E9B218AE0A6B00D3DC72 /* Sources */ = {
			isa = PBXSourcesBuildPhase;
			buildActionMask = 2147483647;
			files = (
				2868E9C618AE0A6B00D3DC72 /* main.m in Sources */,
				2868E9D018AE0A6B00D3DC72 /* BKMasterViewController.m in Sources */,
				2868E9D318AE0A6B00D3DC72 /* BKDetailViewController.m in Sources */,
				2868E9CA18AE0A6B00D3DC72 /* BKAppDelegate.m in Sources */,
			);
			runOnlyForDeploymentPostprocessing = 0;
		};
		2868E9D618AE0A6B00D3DC72 /* Sources */ = {
			isa = PBXSourcesBuildPhase;
			buildActionMask = 2147483647;
			files = (
				2868E9E818AE0A6B00D3DC72 /* BeckoningTests.m in Sources */,
			);
			runOnlyForDeploymentPostprocessing = 0;
		};
/* End PBXSourcesBuildPhase section */

/* Begin PBXTargetDependency section */
		2868E9E018AE0A6B00D3DC72 /* PBXTargetDependency */ = {
			isa = PBXTargetDependency;
			target = 2868E9B518AE0A6B00D3DC72 /* Beckoning */;
			targetProxy = 2868E9DF18AE0A6B00D3DC72 /* PBXContainerItemProxy */;
		};
/* End PBXTargetDependency section */

/* Begin PBXVariantGroup section */
		2868E9C218AE0A6B00D3DC72 /* InfoPlist.strings */ = {
			isa = PBXVariantGroup;
			children = (
				2868E9C318AE0A6B00D3DC72 /* en */,
			);
			name = InfoPlist.strings;
			sourceTree = "<group>";
		};
		2868E9CB18AE0A6B00D3DC72 /* Main.storyboard */ = {
			isa = PBXVariantGroup;
			children = (
				2868E9CC18AE0A6B00D3DC72 /* Base */,
			);
			name = Main.storyboard;
			sourceTree = "<group>";
		};
		2868E9E418AE0A6B00D3DC72 /* InfoPlist.strings */ = {
			isa = PBXVariantGroup;
			children = (
				2868E9E518AE0A6B00D3DC72 /* en */,
			);
			name = InfoPlist.strings;
			sourceTree = "<group>";
		};
/* End PBXVariantGroup section */

/* Begin XCBuildConfiguration section */
		2868E9E918AE0A6B00D3DC72 /* Debug */ = {
			isa = XCBuildConfiguration;
			buildSettings = {
				ALWAYS_SEARCH_USER_PATHS = NO;
				CLANG_CXX_LANGUAGE_STANDARD = "gnu++0x";
				CLANG_CXX_LIBRARY = "libc++";
				CLANG_ENABLE_MODULES = YES;
				CLANG_ENABLE_OBJC_ARC = YES;
				CLANG_WARN_BOOL_CONVERSION = YES;
				CLANG_WARN_CONSTANT_CONVERSION = YES;
				CLANG_WARN_DIRECT_OBJC_ISA_USAGE = YES_ERROR;
				CLANG_WARN_EMPTY_BODY = YES;
				CLANG_WARN_ENUM_CONVERSION = YES;
				CLANG_WARN_INT_CONVERSION = YES;
				CLANG_WARN_OBJC_ROOT_CLASS = YES_ERROR;
				CLANG_WARN__DUPLICATE_METHOD_MATCH = YES;
				"CODE_SIGN_IDENTITY[sdk=iphoneos*]" = "iPhone Developer";
				COPY_PHASE_STRIP = NO;
				GCC_C_LANGUAGE_STANDARD = gnu99;
				GCC_DYNAMIC_NO_PIC = NO;
				GCC_OPTIMIZATION_LEVEL = 0;
				GCC_PREPROCESSOR_DEFINITIONS = (
					"DEBUG=1",
					"$(inherited)",
				);
				GCC_SYMBOLS_PRIVATE_EXTERN = NO;
				GCC_WARN_64_TO_32_BIT_CONVERSION = YES;
				GCC_WARN_ABOUT_RETURN_TYPE = YES_ERROR;
				GCC_WARN_UNDECLARED_SELECTOR = YES;
				GCC_WARN_UNINITIALIZED_AUTOS = YES_AGGRESSIVE;
				GCC_WARN_UNUSED_FUNCTION = YES;
				GCC_WARN_UNUSED_VARIABLE = YES;
				IPHONEOS_DEPLOYMENT_TARGET = 7.1;
				ONLY_ACTIVE_ARCH = YES;
				SDKROOT = iphoneos;
			};
			name = Debug;
		};
		2868E9EA18AE0A6B00D3DC72 /* Release */ = {
			isa = XCBuildConfiguration;
			buildSettings = {
				ALWAYS_SEARCH_USER_PATHS = NO;
				CLANG_CXX_LANGUAGE_STANDARD = "gnu++0x";
				CLANG_CXX_LIBRARY = "libc++";
				CLANG_ENABLE_MODULES = YES;
				CLANG_ENABLE_OBJC_ARC = YES;
				CLANG_WARN_BOOL_CONVERSION = YES;
				CLANG_WARN_CONSTANT_CONVERSION = YES;
				CLANG_WARN_DIRECT_OBJC_ISA_USAGE = YES_ERROR;
				CLANG_WARN_EMPTY_BODY = YES;
				CLANG_WARN_ENUM_CONVERSION = YES;
				CLANG_WARN_INT_CONVERSION = YES;
				CLANG_WARN_OBJC_ROOT_CLASS = YES_ERROR;
				CLANG_WARN__DUPLICATE_METHOD_MATCH = YES;
				"CODE_SIGN_IDENTITY[sdk=iphoneos*]" = "iPhone Developer";
				COPY_PHASE_STRIP = YES;
				ENABLE_NS_ASSERTIONS = NO;
				GCC_C_LANGUAGE_STANDARD = gnu99;
				GCC_WARN_64_TO_32_BIT_CONVERSION = YES;
				GCC_WARN_ABOUT_RETURN_TYPE = YES_ERROR;
				GCC_WARN_UNDECLARED_SELECTOR = YES;
				GCC_WARN_UNINITIALIZED_AUTOS = YES_AGGRESSIVE;
				GCC_WARN_UNUSED_FUNCTION = YES;
				GCC_WARN_UNUSED_VARIABLE = YES;
				IPHONEOS_DEPLOYMENT_TARGET = 7.1;
				SDKROOT = iphoneos;
				VALIDATE_PRODUCT = YES;
			};
			name = Release;
		};
		2868E9EC18AE0A6B00D3DC72 /* Debug */ = {
			isa = XCBuildConfiguration;
			buildSettings = {
				ASSETCATALOG_COMPILER_APPICON_NAME = AppIcon;
				ASSETCATALOG_COMPILER_LAUNCHIMAGE_NAME = LaunchImage;
				GCC_PRECOMPILE_PREFIX_HEADER = YES;
				GCC_PREFIX_HEADER = "Beckoning/Beckoning-Prefix.pch";
				INFOPLIST_FILE = "Beckoning/Beckoning-Info.plist";
				PRODUCT_NAME = "$(TARGET_NAME)";
				WRAPPER_EXTENSION = app;
			};
			name = Debug;
		};
		2868E9ED18AE0A6B00D3DC72 /* Release */ = {
			isa = XCBuildConfiguration;
			buildSettings = {
				ASSETCATALOG_COMPILER_APPICON_NAME = AppIcon;
				ASSETCATALOG_COMPILER_LAUNCHIMAGE_NAME = LaunchImage;
				GCC_PRECOMPILE_PREFIX_HEADER = YES;
				GCC_PREFIX_HEADER = "Beckoning/Beckoning-Prefix.pch";
				INFOPLIST_FILE = "Beckoning/Beckoning-Info.plist";
				PRODUCT_NAME = "$(TARGET_NAME)";
				WRAPPER_EXTENSION = app;
			};
			name = Release;
		};
		2868E9EF18AE0A6B00D3DC72 /* Debug */ = {
			isa = XCBuildConfiguration;
			buildSettings = {
				BUNDLE_LOADER = "$(BUILT_PRODUCTS_DIR)/Beckoning.app/Beckoning";
				FRAMEWORK_SEARCH_PATHS = (
					"$(SDKROOT)/Developer/Library/Frameworks",
					"$(inherited)",
					"$(DEVELOPER_FRAMEWORKS_DIR)",
				);
				GCC_PRECOMPILE_PREFIX_HEADER = YES;
				GCC_PREFIX_HEADER = "Beckoning/Beckoning-Prefix.pch";
				GCC_PREPROCESSOR_DEFINITIONS = (
					"DEBUG=1",
					"$(inherited)",
				);
				INFOPLIST_FILE = "BeckoningTests/BeckoningTests-Info.plist";
				PRODUCT_NAME = "$(TARGET_NAME)";
				TEST_HOST = "$(BUNDLE_LOADER)";
				WRAPPER_EXTENSION = xctest;
			};
			name = Debug;
		};
		2868E9F018AE0A6B00D3DC72 /* Release */ = {
			isa = XCBuildConfiguration;
			buildSettings = {
				BUNDLE_LOADER = "$(BUILT_PRODUCTS_DIR)/Beckoning.app/Beckoning";
				FRAMEWORK_SEARCH_PATHS = (
					"$(SDKROOT)/Developer/Library/Frameworks",
					"$(inherited)",
					"$(DEVELOPER_FRAMEWORKS_DIR)",
				);
				GCC_PRECOMPILE_PREFIX_HEADER = YES;
				GCC_PREFIX_HEADER = "Beckoning/Beckoning-Prefix.pch";
				INFOPLIST_FILE = "BeckoningTests/BeckoningTests-Info.plist";
				PRODUCT_NAME = "$(TARGET_NAME)";
				TEST_HOST = "$(BUNDLE_LOADER)";
				WRAPPER_EXTENSION = xctest;
			};
			name = Release;
		};
/* End XCBuildConfiguration section */

/* Begin XCConfigurationList section */
		2868E9B118AE0A6B00D3DC72 /* Build configuration list for PBXProject "Beckoning" */ = {
			isa = XCConfigurationList;
			buildConfigurations = (
				2868E9E918AE0A6B00D3DC72 /* Debug */,
				2868E9EA18AE0A6B00D3DC72 /* Release */,
			);
			defaultConfigurationIsVisible = 0;
			defaultConfigurationName = Release;
		};
		2868E9EB18AE0A6B00D3DC72 /* Build configuration list for PBXNativeTarget "Beckoning" */ = {
			isa = XCConfigurationList;
			buildConfigurations = (
				2868E9EC18AE0A6B00D3DC72 /* Debug */,
				2868E9ED18AE0A6B00D3DC72 /* Release */,
			);
			defaultConfigurationIsVisible = 0;
		};
		2868E9EE18AE0A6B00D3DC72 /* Build configuration list for PBXNativeTarget "BeckoningTests" */ = {
			isa = XCConfigurationList;
			buildConfigurations = (
				2868E9EF18AE0A6B00D3DC72 /* Debug */,
				2868E9F018AE0A6B00D3DC72 /* Release */,
			);
			defaultConfigurationIsVisible = 0;
		};
/* End XCConfigurationList section */
	};
	rootObject = 2868E9AE18AE0A6B00D3DC72 /* Project object */;
}
